
Microsoft Visual Studio Solution File, Format Version 12.00
# Visual Studio 15
VisualStudioVersion = 15.0.28307.1433
MinimumVisualStudioVersion = 10.0.40219.1
Project("{8BC9CEB8-8B4A-11D0-8D11-00A0C91BC942}") = "Service", "Service\Service.vcxproj", "{0F237098-2232-430F-81A3-89FACCB1CD8D}"
EndProject
Project("{8BC9CEB8-8B4A-11D0-8D11-00A0C91BC942}") = "Installer", "Installer\Installer.vcxproj", "{5159673C-A8EC-422B-8122-7481C2A544AF}"
	ProjectSection(ProjectDependencies) = postProject
		{0F237098-2232-430F-81A3-89FACCB1CD8D} = {0F237098-2232-430F-81A3-89FACCB1CD8D}
	EndProjectSection
EndProject
Project("{8BC9CEB8-8B4A-11D0-8D11-00A0C91BC942}") = "Test", "Test\Test.vcxproj", "{BE5DACC6-9AF1-4B9D-B4E3-0EEAE7B1396D}"
	ProjectSection(ProjectDependencies) = postProject
		{0F237098-2232-430F-81A3-89FACCB1CD8D} = {0F237098-2232-430F-81A3-89FACCB1CD8D}
	EndProjectSection
EndProject
Global
	GlobalSection(SolutionConfigurationPlatforms) = preSolution
		Debug|x64 = Debug|x64
		Debug|x86 = Debug|x86
		Release|x64 = Release|x64
		Release|x86 = Release|x86
	EndGlobalSection
	GlobalSection(ProjectConfigurationPlatforms) = postSolution
		{0F237098-2232-430F-81A3-89FACCB1CD8D}.Debug|x64.ActiveCfg = Debug|x64
		{0F237098-2232-430F-81A3-89FACCB1CD8D}.Debug|x64.Build.0 = Debug|x64
		{0F237098-2232-430F-81A3-89FACCB1CD8D}.Debug|x86.ActiveCfg = Debug|Win32
		{0F237098-2232-430F-81A3-89FACCB1CD8D}.Debug|x86.Build.0 = Debug|Win32
		{0F237098-2232-430F-81A3-89FACCB1CD8D}.Release|x64.ActiveCfg = Release|x64
		{0F237098-2232-430F-81A3-89FACCB1CD8D}.Release|x64.Build.0 = Release|x64
		{0F237098-2232-430F-81A3-89FACCB1CD8D}.Release|x86.ActiveCfg = Release|Win32
		{0F237098-2232-430F-81A3-89FACCB1CD8D}.Release|x86.Build.0 = Release|Win32
		{5159673C-A8EC-422B-8122-7481C2A544AF}.Debug|x64.ActiveCfg = Debug|x64
		{5159673C-A8EC-422B-8122-7481C2A544AF}.Debug|x64.Build.0 = Debug|x64
		{5159673C-A8EC-422B-8122-7481C2A544AF}.Debug|x86.ActiveCfg = Debug|Win32
		{5159673C-A8EC-422B-8122-7481C2A544AF}.Debug|x86.Build.0 = Debug|Win32
		{5159673C-A8EC-422B-8122-7481C2A544AF}.Release|x64.ActiveCfg = Release|x64
		{5159673C-A8EC-422B-8122-7481C2A544AF}.Release|x64.Build.0 = Release|x64
		{5159673C-A8EC-422B-8122-7481C2A544AF}.Release|x86.ActiveCfg = Release|Win32
		{5159673C-A8EC-422B-8122-7481C2A544AF}.Release|x86.Build.0 = Release|Win32
		{BE5DACC6-9AF1-4B9D-B4E3-0EEAE7B1396D}.Debug|x64.ActiveCfg = Debug|x64
		{BE5DACC6-9AF1-4B9D-B4E3-0EEAE7B1396D}.Debug|x64.Build.0 = Debug|x64
		{BE5DACC6-9AF1-4B9D-B4E3-0EEAE7B1396D}.Debug|x86.ActiveCfg = Debug|Win32
		{BE5DACC6-9AF1-4B9D-B4E3-0EEAE7B1396D}.Debug|x86.Build.0 = Debug|Win32
		{BE5DACC6-9AF1-4B9D-B4E3-0EEAE7B1396D}.Release|x64.ActiveCfg = Release|x64
		{BE5DACC6-9AF1-4B9D-B4E3-0EEAE7B1396D}.Release|x64.Build.0 = Release|x64
		{BE5DACC6-9AF1-4B9D-B4E3-0EEAE7B1396D}.Release|x86.ActiveCfg = Release|Win32
		{BE5DACC6-9AF1-4B9D-B4E3-0EEAE7B1396D}.Release|x86.Build.0 = Release|Win32
	EndGlobalSection
	GlobalSection(SolutionProperties) = preSolution
		HideSolutionNode = FALSE
	EndGlobalSection
	GlobalSection(ExtensibilityGlobals) = postSolution
		SolutionGuid = {3EDDB4CD-F2C9-44B1-A4D0-B53CA80D1F6F}
	EndGlobalSection
EndGlobal
